<Solution>
  <Folder Name="/examples/">
    <Project Path="examples/TrinoClientExample/TrinoClientExample.csproj" />
  </Folder>
  <Folder Name="/src/">
    <Project Path="src/AthenaTrinoClient/AthenaTrinoClient.csproj" />
  </Folder>
  <Folder Name="/tests/">
    <Project Path="tests/IntegrationTests/IntegrationTests.csproj" />
  </Folder>
</Solution>
