<Solution>
  <Folder Name="/examples/">
    <Project Path="examples/TrinoClientExample/TrinoClientExample.csproj" />
    <Project Path="examples/AthenaVerification/AthenaVerification.csproj" />
  </Folder>
  <Folder Name="/src/">
    <Project Path="src/AthenaTrinoClient/AthenaTrinoClient.csproj" />
    <Project Path="src/S3Client/S3Client.csproj" />
  </Folder>
  <Folder Name="/tests/">
    <Project Path="tests/IntegrationTests/IntegrationTests.csproj" />
  </Folder>
</Solution>
